PODS:
  - AcknowList (1.9.4)
  - QRCodeReader.swift (10.1.0)
  - SwiftBase32 (0.8.0)

DEPENDENCIES:
  - AcknowList
  - QRCodeReader.swift (~> 10.1.0)
  - SwiftBase32

SPEC REPOS:
  trunk:
    - AcknowList
    - QRCodeReader.swift
    - SwiftBase32

SPEC CHECKSUMS:
  AcknowList: a236060b8c33141d7756814fd21d5dab477fc193
  QRCodeReader.swift: 373a389fe9a22d513c879a32a6f647c58f4ef572
  SwiftBase32: 723fd05e2fce776f2b98f26fe423bd20fa80e411

PODFILE CHECKSUM: b9bff6e5c99fcf463cd6a6cd81109964a1277f23

COCOAPODS: 1.9.3
